automation:
  - id: michaels_alarm
    alias: Michaels Alarm
    trigger:
      platform: template
      value_template: '{{ as_timestamp(states.sensor.date_time.last_updated) | timestamp_custom("%H:%M:00") == states.input_datetime.alarm_clock.state }}'
    action:
      - service: automation.turn_off
        entity_id: automation.michaels_morning_light_temp
      - service: light.turn_on # first set the light to 1% for a gradual fade-in
        entity_id: light.michaels_side
        data:
          brightness_pct: 1
          kelvin: 2700
          transition: 0
      - service: light.turn_on
        entity_id: light.michaels_side
        data:
          brightness_pct: 75
          kelvin: 2700
          transition: '{{ ((states.input_number.alarm_fadein_offset.state | int)*60) }}'
      - service: notify.slack
        data_template: 
          message: ':alarm_clock: Michaels Alarm'
  - id: reset_michaels_alarm
    alias: Reset Michael's Alarm
    trigger:
      platform: template
      value_template: '{{ (as_timestamp(states.sensor.date_time.last_updated) - ((states.input_number.reset_alarm_offset.state | int)*60) ) | timestamp_custom("%H:%M:00") == states.input_datetime.alarm_clock.state }}'
    condition:
      condition: and
      conditions:
#not sure if these are needed now?
#        - condition: template
#          value_template: '{{ states.light.marys_side.state != "off" }}'
        - condition: template
          value_template: '{{ states.light.michaels_side.state == "on" }}'
        - condition: template
          value_template: '{{ states.automation.michaels_morning_light_temp != "on" }}'
    action:
      - service: light.turn_off
        entity_id: light.michaels_side
      - service: automation.turn_on
        entity_id: automation.michaels_morning_light_temp
      - service: notify.slack
        data_template: 
          message: ':alarm_clock: Resetting Michaels Alarm, {{ states.input_number.reset_alarm_offset.state | int }} Minutes have elapsed'

input_datetime:
  alarm_clock:
    name: Alarm Clock
    has_date: false
    has_time: true
    initial: '06:15'

input_number:
  reset_alarm_offset:
    name: Reset Alarm Offset
    initial: 30
    min: 0
    max: 90
    step: 15
  alarm_fadein_offset:
    name: Alarm FadeIn Offset
    initial: 30
    min: 0
    max: 30
    step: 5

group:
  alarm_clock:
    name: Alarm Clock
    icon: mdi:alarm
    entities:
      - input_datetime.alarm_clock
      - automation.michaels_alarm
      - input_number.reset_alarm_offset